// !$*UTF8*$!
{
	archiveVersion = 1;
	classes = {
	};
	objectVersion = 46;
	objects = {

/* Begin PBXBuildFile section */
		9480C4131B66AC1B00A5D8E1 /* ActivityTableTableViewController.swift in Sources */ = {isa = PBXBuildFile; fileRef = 9480C4121B66AC1B00A5D8E1 /* ActivityTableTableViewController.swift */; };
		9480C4141B66B80C00A5D8E1 /* NotificationManager.swift in Sources */ = {isa = PBXBuildFile; fileRef = BD92884E1B66ADFE00AB3684 /* NotificationManager.swift */; };
		94AD43781B62FEFE0057C56E /* NoteViewController.swift in Sources */ = {isa = PBXBuildFile; fileRef = 94AD43771B62FEFE0057C56E /* NoteViewController.swift */; };
		94B753491B5FE3230038471B /* Tracker.swift in Sources */ = {isa = PBXBuildFile; fileRef = 94B753481B5FE3230038471B /* Tracker.swift */; };
		BDBABC361B5FD19C00158459 /* AppDelegate.swift in Sources */ = {isa = PBXBuildFile; fileRef = BDBABC351B5FD19C00158459 /* AppDelegate.swift */; };
		BDBABC3B1B5FD19D00158459 /* Main.storyboard in Resources */ = {isa = PBXBuildFile; fileRef = BDBABC391B5FD19D00158459 /* Main.storyboard */; };
		BDBABC3D1B5FD19D00158459 /* Assets.xcassets in Resources */ = {isa = PBXBuildFile; fileRef = BDBABC3C1B5FD19D00158459 /* Assets.xcassets */; };
		BDBABC401B5FD19D00158459 /* LaunchScreen.storyboard in Resources */ = {isa = PBXBuildFile; fileRef = BDBABC3E1B5FD19D00158459 /* LaunchScreen.storyboard */; };
		BDBABC4D1B5FD1DA00158459 /* Interface.storyboard in Resources */ = {isa = PBXBuildFile; fileRef = BDBABC4B1B5FD1DA00158459 /* Interface.storyboard */; };
		BDBABC4F1B5FD1DA00158459 /* Assets.xcassets in Resources */ = {isa = PBXBuildFile; fileRef = BDBABC4E1B5FD1DA00158459 /* Assets.xcassets */; };
		BDBABC561B5FD1DA00158459 /* DayTrackerWatch Extension.appex in Embed App Extensions */ = {isa = PBXBuildFile; fileRef = BDBABC551B5FD1DA00158459 /* DayTrackerWatch Extension.appex */; settings = {ATTRIBUTES = (RemoveHeadersOnCopy, ); }; };
		BDBABC5D1B5FD1DA00158459 /* InterfaceController.swift in Sources */ = {isa = PBXBuildFile; fileRef = BDBABC5C1B5FD1DA00158459 /* InterfaceController.swift */; };
		BDBABC5F1B5FD1DA00158459 /* ExtensionDelegate.swift in Sources */ = {isa = PBXBuildFile; fileRef = BDBABC5E1B5FD1DA00158459 /* ExtensionDelegate.swift */; };
		BDBABC611B5FD1DA00158459 /* NotificationController.swift in Sources */ = {isa = PBXBuildFile; fileRef = BDBABC601B5FD1DA00158459 /* NotificationController.swift */; };
		BDBABC631B5FD1DA00158459 /* Assets.xcassets in Resources */ = {isa = PBXBuildFile; fileRef = BDBABC621B5FD1DA00158459 /* Assets.xcassets */; };
		BDBABC671B5FD1DA00158459 /* DayTrackerWatch.app in Embed Watch Content */ = {isa = PBXBuildFile; fileRef = BDBABC491B5FD1DA00158459 /* DayTrackerWatch.app */; };
		BDBABC7D1B5FD58000158459 /* ActionTableViewController.swift in Sources */ = {isa = PBXBuildFile; fileRef = BDBABC7C1B5FD58000158459 /* ActionTableViewController.swift */; };
/* End PBXBuildFile section */

/* Begin PBXContainerItemProxy section */
		BDBABC571B5FD1DA00158459 /* PBXContainerItemProxy */ = {
			isa = PBXContainerItemProxy;
			containerPortal = BDBABC2A1B5FD19C00158459 /* Project object */;
			proxyType = 1;
			remoteGlobalIDString = BDBABC541B5FD1DA00158459;
			remoteInfo = "DayTrackerWatch Extension";
		};
		BDBABC651B5FD1DA00158459 /* PBXContainerItemProxy */ = {
			isa = PBXContainerItemProxy;
			containerPortal = BDBABC2A1B5FD19C00158459 /* Project object */;
			proxyType = 1;
			remoteGlobalIDString = BDBABC481B5FD1DA00158459;
			remoteInfo = DayTrackerWatch;
		};
/* End PBXContainerItemProxy section */

/* Begin PBXCopyFilesBuildPhase section */
		BDBABC6B1B5FD1DA00158459 /* Embed App Extensions */ = {
			isa = PBXCopyFilesBuildPhase;
			buildActionMask = 2147483647;
			dstPath = "";
			dstSubfolderSpec = 13;
			files = (
				BDBABC561B5FD1DA00158459 /* DayTrackerWatch Extension.appex in Embed App Extensions */,
			);
			name = "Embed App Extensions";
			runOnlyForDeploymentPostprocessing = 0;
		};
		BDBABC6F1B5FD1DA00158459 /* Embed Watch Content */ = {
			isa = PBXCopyFilesBuildPhase;
			buildActionMask = 2147483647;
			dstPath = "$(CONTENTS_FOLDER_PATH)/Watch";
			dstSubfolderSpec = 16;
			files = (
				BDBABC671B5FD1DA00158459 /* DayTrackerWatch.app in Embed Watch Content */,
			);
			name = "Embed Watch Content";
			runOnlyForDeploymentPostprocessing = 0;
		};
/* End PBXCopyFilesBuildPhase section */

/* Begin PBXFileReference section */
		9480C4121B66AC1B00A5D8E1 /* ActivityTableTableViewController.swift */ = {isa = PBXFileReference; fileEncoding = 4; lastKnownFileType = sourcecode.swift; path = ActivityTableTableViewController.swift; sourceTree = "<group>"; };
		94AD43771B62FEFE0057C56E /* NoteViewController.swift */ = {isa = PBXFileReference; fileEncoding = 4; lastKnownFileType = sourcecode.swift; path = NoteViewController.swift; sourceTree = "<group>"; };
		94B753481B5FE3230038471B /* Tracker.swift */ = {isa = PBXFileReference; fileEncoding = 4; lastKnownFileType = sourcecode.swift; path = Tracker.swift; sourceTree = "<group>"; };
		BD92884E1B66ADFE00AB3684 /* NotificationManager.swift */ = {isa = PBXFileReference; fileEncoding = 4; lastKnownFileType = sourcecode.swift; path = NotificationManager.swift; sourceTree = "<group>"; };
		BDBABC321B5FD19C00158459 /* DayTracker.app */ = {isa = PBXFileReference; explicitFileType = wrapper.application; includeInIndex = 0; path = DayTracker.app; sourceTree = BUILT_PRODUCTS_DIR; };
		BDBABC351B5FD19C00158459 /* AppDelegate.swift */ = {isa = PBXFileReference; lastKnownFileType = sourcecode.swift; path = AppDelegate.swift; sourceTree = "<group>"; };
		BDBABC3A1B5FD19D00158459 /* Base */ = {isa = PBXFileReference; lastKnownFileType = file.storyboard; name = Base; path = Base.lproj/Main.storyboard; sourceTree = "<group>"; };
		BDBABC3C1B5FD19D00158459 /* Assets.xcassets */ = {isa = PBXFileReference; lastKnownFileType = folder.assetcatalog; path = Assets.xcassets; sourceTree = "<group>"; };
		BDBABC3F1B5FD19D00158459 /* Base */ = {isa = PBXFileReference; lastKnownFileType = file.storyboard; name = Base; path = Base.lproj/LaunchScreen.storyboard; sourceTree = "<group>"; };
		BDBABC411B5FD19D00158459 /* Info.plist */ = {isa = PBXFileReference; lastKnownFileType = text.plist.xml; path = Info.plist; sourceTree = "<group>"; };
		BDBABC491B5FD1DA00158459 /* DayTrackerWatch.app */ = {isa = PBXFileReference; explicitFileType = wrapper.application; includeInIndex = 0; path = DayTrackerWatch.app; sourceTree = BUILT_PRODUCTS_DIR; };
		BDBABC4C1B5FD1DA00158459 /* Base */ = {isa = PBXFileReference; lastKnownFileType = file.storyboard; name = Base; path = Base.lproj/Interface.storyboard; sourceTree = "<group>"; };
		BDBABC4E1B5FD1DA00158459 /* Assets.xcassets */ = {isa = PBXFileReference; lastKnownFileType = folder.assetcatalog; path = Assets.xcassets; sourceTree = "<group>"; };
		BDBABC501B5FD1DA00158459 /* Info.plist */ = {isa = PBXFileReference; lastKnownFileType = text.plist.xml; path = Info.plist; sourceTree = "<group>"; };
		BDBABC551B5FD1DA00158459 /* DayTrackerWatch Extension.appex */ = {isa = PBXFileReference; explicitFileType = "wrapper.app-extension"; includeInIndex = 0; path = "DayTrackerWatch Extension.appex"; sourceTree = BUILT_PRODUCTS_DIR; };
		BDBABC5B1B5FD1DA00158459 /* PushNotificationPayload.apns */ = {isa = PBXFileReference; lastKnownFileType = text; path = PushNotificationPayload.apns; sourceTree = "<group>"; };
		BDBABC5C1B5FD1DA00158459 /* InterfaceController.swift */ = {isa = PBXFileReference; lastKnownFileType = sourcecode.swift; path = InterfaceController.swift; sourceTree = "<group>"; };
		BDBABC5E1B5FD1DA00158459 /* ExtensionDelegate.swift */ = {isa = PBXFileReference; lastKnownFileType = sourcecode.swift; path = ExtensionDelegate.swift; sourceTree = "<group>"; };
		BDBABC601B5FD1DA00158459 /* NotificationController.swift */ = {isa = PBXFileReference; lastKnownFileType = sourcecode.swift; path = NotificationController.swift; sourceTree = "<group>"; };
		BDBABC621B5FD1DA00158459 /* Assets.xcassets */ = {isa = PBXFileReference; lastKnownFileType = folder.assetcatalog; path = Assets.xcassets; sourceTree = "<group>"; };
		BDBABC641B5FD1DA00158459 /* Info.plist */ = {isa = PBXFileReference; lastKnownFileType = text.plist.xml; path = Info.plist; sourceTree = "<group>"; };
		BDBABC701B5FD46400158459 /* DayTrackerWatch-Bridging-Header.h */ = {isa = PBXFileReference; lastKnownFileType = sourcecode.c.h; path = "DayTrackerWatch-Bridging-Header.h"; sourceTree = "<group>"; };
		BDBABC7C1B5FD58000158459 /* ActionTableViewController.swift */ = {isa = PBXFileReference; fileEncoding = 4; lastKnownFileType = sourcecode.swift; path = ActionTableViewController.swift; sourceTree = "<group>"; };
/* End PBXFileReference section */

/* Begin PBXFrameworksBuildPhase section */
		BDBABC2F1B5FD19C00158459 /* Frameworks */ = {
			isa = PBXFrameworksBuildPhase;
			buildActionMask = 2147483647;
			files = (
			);
			runOnlyForDeploymentPostprocessing = 0;
		};
		BDBABC521B5FD1DA00158459 /* Frameworks */ = {
			isa = PBXFrameworksBuildPhase;
			buildActionMask = 2147483647;
			files = (
			);
			runOnlyForDeploymentPostprocessing = 0;
		};
/* End PBXFrameworksBuildPhase section */

/* Begin PBXGroup section */
		BDBABC291B5FD19C00158459 = {
			isa = PBXGroup;
			children = (
				BDBABC341B5FD19C00158459 /* DayTracker */,
				BDBABC4A1B5FD1DA00158459 /* DayTrackerWatch */,
				BDBABC591B5FD1DA00158459 /* DayTrackerWatch Extension */,
				BDBABC331B5FD19C00158459 /* Products */,
			);
			sourceTree = "<group>";
		};
		BDBABC331B5FD19C00158459 /* Products */ = {
			isa = PBXGroup;
			children = (
				BDBABC321B5FD19C00158459 /* DayTracker.app */,
				BDBABC491B5FD1DA00158459 /* DayTrackerWatch.app */,
				BDBABC551B5FD1DA00158459 /* DayTrackerWatch Extension.appex */,
			);
			name = Products;
			sourceTree = "<group>";
		};
		BDBABC341B5FD19C00158459 /* DayTracker */ = {
			isa = PBXGroup;
			children = (
				BDBABC351B5FD19C00158459 /* AppDelegate.swift */,
				BD92884E1B66ADFE00AB3684 /* NotificationManager.swift */,
				BDBABC7C1B5FD58000158459 /* ActionTableViewController.swift */,
				94AD43771B62FEFE0057C56E /* NoteViewController.swift */,
				94B753481B5FE3230038471B /* Tracker.swift */,
				9480C4121B66AC1B00A5D8E1 /* ActivityTableTableViewController.swift */,
				BDBABC391B5FD19D00158459 /* Main.storyboard */,
				BDBABC3C1B5FD19D00158459 /* Assets.xcassets */,
				BDBABC3E1B5FD19D00158459 /* LaunchScreen.storyboard */,
				BDBABC411B5FD19D00158459 /* Info.plist */,
				BDBABC701B5FD46400158459 /* DayTrackerWatch-Bridging-Header.h */,
			);
			path = DayTracker;
			sourceTree = "<group>";
		};
		BDBABC4A1B5FD1DA00158459 /* DayTrackerWatch */ = {
			isa = PBXGroup;
			children = (
				BDBABC4B1B5FD1DA00158459 /* Interface.storyboard */,
				BDBABC4E1B5FD1DA00158459 /* Assets.xcassets */,
				BDBABC501B5FD1DA00158459 /* Info.plist */,
			);
			path = DayTrackerWatch;
			sourceTree = "<group>";
		};
		BDBABC591B5FD1DA00158459 /* DayTrackerWatch Extension */ = {
			isa = PBXGroup;
			children = (
				BDBABC5C1B5FD1DA00158459 /* InterfaceController.swift */,
				BDBABC5E1B5FD1DA00158459 /* ExtensionDelegate.swift */,
				BDBABC601B5FD1DA00158459 /* NotificationController.swift */,
				BDBABC621B5FD1DA00158459 /* Assets.xcassets */,
				BDBABC641B5FD1DA00158459 /* Info.plist */,
				BDBABC5A1B5FD1DA00158459 /* Supporting Files */,
			);
			path = "DayTrackerWatch Extension";
			sourceTree = "<group>";
		};
		BDBABC5A1B5FD1DA00158459 /* Supporting Files */ = {
			isa = PBXGroup;
			children = (
				BDBABC5B1B5FD1DA00158459 /* PushNotificationPayload.apns */,
			);
			name = "Supporting Files";
			sourceTree = "<group>";
		};
/* End PBXGroup section */

/* Begin PBXNativeTarget section */
		BDBABC311B5FD19C00158459 /* DayTracker */ = {
			isa = PBXNativeTarget;
			buildConfigurationList = BDBABC441B5FD19D00158459 /* Build configuration list for PBXNativeTarget "DayTracker" */;
			buildPhases = (
				BDBABC2E1B5FD19C00158459 /* Sources */,
				BDBABC2F1B5FD19C00158459 /* Frameworks */,
				BDBABC301B5FD19C00158459 /* Resources */,
				BDBABC6F1B5FD1DA00158459 /* Embed Watch Content */,
			);
			buildRules = (
			);
			dependencies = (
				BDBABC661B5FD1DA00158459 /* PBXTargetDependency */,
			);
			name = DayTracker;
			productName = DayTracker;
			productReference = BDBABC321B5FD19C00158459 /* DayTracker.app */;
			productType = "com.apple.product-type.application";
		};
		BDBABC481B5FD1DA00158459 /* DayTrackerWatch */ = {
			isa = PBXNativeTarget;
			buildConfigurationList = BDBABC6C1B5FD1DA00158459 /* Build configuration list for PBXNativeTarget "DayTrackerWatch" */;
			buildPhases = (
				BDBABC471B5FD1DA00158459 /* Resources */,
				BDBABC6B1B5FD1DA00158459 /* Embed App Extensions */,
			);
			buildRules = (
			);
			dependencies = (
				BDBABC581B5FD1DA00158459 /* PBXTargetDependency */,
			);
			name = DayTrackerWatch;
			productName = DayTrackerWatch;
			productReference = BDBABC491B5FD1DA00158459 /* DayTrackerWatch.app */;
			productType = "com.apple.product-type.application.watchapp2";
		};
		BDBABC541B5FD1DA00158459 /* DayTrackerWatch Extension */ = {
			isa = PBXNativeTarget;
			buildConfigurationList = BDBABC681B5FD1DA00158459 /* Build configuration list for PBXNativeTarget "DayTrackerWatch Extension" */;
			buildPhases = (
				BDBABC511B5FD1DA00158459 /* Sources */,
				BDBABC521B5FD1DA00158459 /* Frameworks */,
				BDBABC531B5FD1DA00158459 /* Resources */,
			);
			buildRules = (
			);
			dependencies = (
			);
			name = "DayTrackerWatch Extension";
			productName = "DayTrackerWatch Extension";
			productReference = BDBABC551B5FD1DA00158459 /* DayTrackerWatch Extension.appex */;
			productType = "com.apple.product-type.watchkit2-extension";
		};
/* End PBXNativeTarget section */

/* Begin PBXProject section */
		BDBABC2A1B5FD19C00158459 /* Project object */ = {
			isa = PBXProject;
			attributes = {
				LastSwiftUpdateCheck = 0700;
				LastUpgradeCheck = 0700;
				ORGANIZATIONNAME = "Aaron Boswell";
				TargetAttributes = {
					BDBABC311B5FD19C00158459 = {
						CreatedOnToolsVersion = 7.0;
					};
					BDBABC481B5FD1DA00158459 = {
						CreatedOnToolsVersion = 7.0;
					};
					BDBABC541B5FD1DA00158459 = {
						CreatedOnToolsVersion = 7.0;
						DevelopmentTeam = NN7HR27RDT;
					};
				};
			};
			buildConfigurationList = BDBABC2D1B5FD19C00158459 /* Build configuration list for PBXProject "DayTracker" */;
			compatibilityVersion = "Xcode 3.2";
			developmentRegion = English;
			hasScannedForEncodings = 0;
			knownRegions = (
				en,
				Base,
			);
			mainGroup = BDBABC291B5FD19C00158459;
			productRefGroup = BDBABC331B5FD19C00158459 /* Products */;
			projectDirPath = "";
			projectRoot = "";
			targets = (
				BDBABC311B5FD19C00158459 /* DayTracker */,
				BDBABC481B5FD1DA00158459 /* DayTrackerWatch */,
				BDBABC541B5FD1DA00158459 /* DayTrackerWatch Extension */,
			);
		};
/* End PBXProject section */

/* Begin PBXResourcesBuildPhase section */
		BDBABC301B5FD19C00158459 /* Resources */ = {
			isa = PBXResourcesBuildPhase;
			buildActionMask = 2147483647;
			files = (
				BDBABC401B5FD19D00158459 /* LaunchScreen.storyboard in Resources */,
				BDBABC3D1B5FD19D00158459 /* Assets.xcassets in Resources */,
				BDBABC3B1B5FD19D00158459 /* Main.storyboard in Resources */,
			);
			runOnlyForDeploymentPostprocessing = 0;
		};
		BDBABC471B5FD1DA00158459 /* Resources */ = {
			isa = PBXResourcesBuildPhase;
			buildActionMask = 2147483647;
			files = (
				BDBABC4F1B5FD1DA00158459 /* Assets.xcassets in Resources */,
				BDBABC4D1B5FD1DA00158459 /* Interface.storyboard in Resources */,
			);
			runOnlyForDeploymentPostprocessing = 0;
		};
		BDBABC531B5FD1DA00158459 /* Resources */ = {
			isa = PBXResourcesBuildPhase;
			buildActionMask = 2147483647;
			files = (
				BDBABC631B5FD1DA00158459 /* Assets.xcassets in Resources */,
			);
			runOnlyForDeploymentPostprocessing = 0;
		};
/* End PBXResourcesBuildPhase section */

/* Begin PBXSourcesBuildPhase section */
		BDBABC2E1B5FD19C00158459 /* Sources */ = {
			isa = PBXSourcesBuildPhase;
			buildActionMask = 2147483647;
			files = (
				9480C4141B66B80C00A5D8E1 /* NotificationManager.swift in Sources */,
				94AD43781B62FEFE0057C56E /* NoteViewController.swift in Sources */,
				94B753491B5FE3230038471B /* Tracker.swift in Sources */,
				9480C4131B66AC1B00A5D8E1 /* ActivityTableTableViewController.swift in Sources */,
				BDBABC361B5FD19C00158459 /* AppDelegate.swift in Sources */,
				BDBABC7D1B5FD58000158459 /* ActionTableViewController.swift in Sources */,
			);
			runOnlyForDeploymentPostprocessing = 0;
		};
		BDBABC511B5FD1DA00158459 /* Sources */ = {
			isa = PBXSourcesBuildPhase;
			buildActionMask = 2147483647;
			files = (
				BDBABC611B5FD1DA00158459 /* NotificationController.swift in Sources */,
				BDBABC5F1B5FD1DA00158459 /* ExtensionDelegate.swift in Sources */,
				BDBABC5D1B5FD1DA00158459 /* InterfaceController.swift in Sources */,
			);
			runOnlyForDeploymentPostprocessing = 0;
		};
/* End PBXSourcesBuildPhase section */

/* Begin PBXTargetDependency section */
		BDBABC581B5FD1DA00158459 /* PBXTargetDependency */ = {
			isa = PBXTargetDependency;
			target = BDBABC541B5FD1DA00158459 /* DayTrackerWatch Extension */;
			targetProxy = BDBABC571B5FD1DA00158459 /* PBXContainerItemProxy */;
		};
		BDBABC661B5FD1DA00158459 /* PBXTargetDependency */ = {
			isa = PBXTargetDependency;
			target = BDBABC481B5FD1DA00158459 /* DayTrackerWatch */;
			targetProxy = BDBABC651B5FD1DA00158459 /* PBXContainerItemProxy */;
		};
/* End PBXTargetDependency section */

/* Begin PBXVariantGroup section */
		BDBABC391B5FD19D00158459 /* Main.storyboard */ = {
			isa = PBXVariantGroup;
			children = (
				BDBABC3A1B5FD19D00158459 /* Base */,
			);
			name = Main.storyboard;
			sourceTree = "<group>";
		};
		BDBABC3E1B5FD19D00158459 /* LaunchScreen.storyboard */ = {
			isa = PBXVariantGroup;
			children = (
				BDBABC3F1B5FD19D00158459 /* Base */,
			);
			name = LaunchScreen.storyboard;
			sourceTree = "<group>";
		};
		BDBABC4B1B5FD1DA00158459 /* Interface.storyboard */ = {
			isa = PBXVariantGroup;
			children = (
				BDBABC4C1B5FD1DA00158459 /* Base */,
			);
			name = Interface.storyboard;
			sourceTree = "<group>";
		};
/* End PBXVariantGroup section */

/* Begin XCBuildConfiguration section */
		BDBABC421B5FD19D00158459 /* Debug */ = {
			isa = XCBuildConfiguration;
			buildSettings = {
				ALWAYS_SEARCH_USER_PATHS = NO;
				CLANG_CXX_LANGUAGE_STANDARD = "gnu++0x";
				CLANG_CXX_LIBRARY = "libc++";
				CLANG_ENABLE_MODULES = YES;
				CLANG_ENABLE_OBJC_ARC = YES;
				CLANG_WARN_BOOL_CONVERSION = YES;
				CLANG_WARN_CONSTANT_CONVERSION = YES;
				CLANG_WARN_DIRECT_OBJC_ISA_USAGE = YES_ERROR;
				CLANG_WARN_EMPTY_BODY = YES;
				CLANG_WARN_ENUM_CONVERSION = YES;
				CLANG_WARN_INT_CONVERSION = YES;
				CLANG_WARN_OBJC_ROOT_CLASS = YES_ERROR;
				CLANG_WARN_UNREACHABLE_CODE = YES;
				CLANG_WARN__DUPLICATE_METHOD_MATCH = YES;
				"CODE_SIGN_IDENTITY[sdk=iphoneos*]" = "iPhone Developer";
				COPY_PHASE_STRIP = NO;
				DEBUG_INFORMATION_FORMAT = dwarf;
				ENABLE_STRICT_OBJC_MSGSEND = YES;
				ENABLE_TESTABILITY = YES;
				GCC_C_LANGUAGE_STANDARD = gnu99;
				GCC_DYNAMIC_NO_PIC = NO;
				GCC_NO_COMMON_BLOCKS = YES;
				GCC_OPTIMIZATION_LEVEL = 0;
				GCC_PREPROCESSOR_DEFINITIONS = (
					"DEBUG=1",
					"$(inherited)",
				);
				GCC_WARN_64_TO_32_BIT_CONVERSION = YES;
				GCC_WARN_ABOUT_RETURN_TYPE = YES_ERROR;
				GCC_WARN_UNDECLARED_SELECTOR = YES;
				GCC_WARN_UNINITIALIZED_AUTOS = YES_AGGRESSIVE;
				GCC_WARN_UNUSED_FUNCTION = YES;
				GCC_WARN_UNUSED_VARIABLE = YES;
				IPHONEOS_DEPLOYMENT_TARGET = 9.0;
				MTL_ENABLE_DEBUG_INFO = YES;
				ONLY_ACTIVE_ARCH = YES;
				SDKROOT = iphoneos;
				SWIFT_OPTIMIZATION_LEVEL = "-Onone";
				TARGETED_DEVICE_FAMILY = "1,2";
			};
			name = Debug;
		};
		BDBABC431B5FD19D00158459 /* Release */ = {
			isa = XCBuildConfiguration;
			buildSettings = {
				ALWAYS_SEARCH_USER_PATHS = NO;
				CLANG_CXX_LANGUAGE_STANDARD = "gnu++0x";
				CLANG_CXX_LIBRARY = "libc++";
				CLANG_ENABLE_MODULES = YES;
				CLANG_ENABLE_OBJC_ARC = YES;
				CLANG_WARN_BOOL_CONVERSION = YES;
				CLANG_WARN_CONSTANT_CONVERSION = YES;
				CLANG_WARN_DIRECT_OBJC_ISA_USAGE = YES_ERROR;
				CLANG_WARN_EMPTY_BODY = YES;
				CLANG_WARN_ENUM_CONVERSION = YES;
				CLANG_WARN_INT_CONVERSION = YES;
				CLANG_WARN_OBJC_ROOT_CLASS = YES_ERROR;
				CLANG_WARN_UNREACHABLE_CODE = YES;
				CLANG_WARN__DUPLICATE_METHOD_MATCH = YES;
				"CODE_SIGN_IDENTITY[sdk=iphoneos*]" = "iPhone Developer";
				COPY_PHASE_STRIP = NO;
				DEBUG_INFORMATION_FORMAT = "dwarf-with-dsym";
				ENABLE_NS_ASSERTIONS = NO;
				ENABLE_STRICT_OBJC_MSGSEND = YES;
				GCC_C_LANGUAGE_STANDARD = gnu99;
				GCC_NO_COMMON_BLOCKS = YES;
				GCC_WARN_64_TO_32_BIT_CONVERSION = YES;
				GCC_WARN_ABOUT_RETURN_TYPE = YES_ERROR;
				GCC_WARN_UNDECLARED_SELECTOR = YES;
				GCC_WARN_UNINITIALIZED_AUTOS = YES_AGGRESSIVE;
				GCC_WARN_UNUSED_FUNCTION = YES;
				GCC_WARN_UNUSED_VARIABLE = YES;
				IPHONEOS_DEPLOYMENT_TARGET = 9.0;
				MTL_ENABLE_DEBUG_INFO = NO;
				SDKROOT = iphoneos;
				TARGETED_DEVICE_FAMILY = "1,2";
				VALIDATE_PRODUCT = YES;
			};
			name = Release;
		};
		BDBABC451B5FD19D00158459 /* Debug */ = {
			isa = XCBuildConfiguration;
			buildSettings = {
				ASSETCATALOG_COMPILER_APPICON_NAME = AppIcon;
				INFOPLIST_FILE = DayTracker/Info.plist;
				LD_RUNPATH_SEARCH_PATHS = "$(inherited) @executable_path/Frameworks";
				PRODUCT_BUNDLE_IDENTIFIER = company.DayTracker;
				PRODUCT_NAME = "$(TARGET_NAME)";
			};
			name = Debug;
		};
		BDBABC461B5FD19D00158459 /* Release */ = {
			isa = XCBuildConfiguration;
			buildSettings = {
				ASSETCATALOG_COMPILER_APPICON_NAME = AppIcon;
				INFOPLIST_FILE = DayTracker/Info.plist;
				LD_RUNPATH_SEARCH_PATHS = "$(inherited) @executable_path/Frameworks";
				PRODUCT_BUNDLE_IDENTIFIER = company.DayTracker;
				PRODUCT_NAME = "$(TARGET_NAME)";
			};
			name = Release;
		};
		BDBABC691B5FD1DA00158459 /* Debug */ = {
			isa = XCBuildConfiguration;
			buildSettings = {
				CODE_SIGN_IDENTITY = "iPhone Developer";
				"CODE_SIGN_IDENTITY[sdk=watchos*]" = "iPhone Developer";
				INFOPLIST_FILE = "DayTrackerWatch Extension/Info.plist";
				LD_RUNPATH_SEARCH_PATHS = "$(inherited) @executable_path/Frameworks @executable_path/../../Frameworks";
				PRODUCT_BUNDLE_IDENTIFIER = company.DayTracker.watchkitapp.watchkitextension;
				PRODUCT_NAME = "${TARGET_NAME}";
				PROVISIONING_PROFILE = "";
				SDKROOT = watchos;
				SKIP_INSTALL = YES;
				TARGETED_DEVICE_FAMILY = 4;
				WATCHOS_DEPLOYMENT_TARGET = 2.0;
			};
			name = Debug;
		};
		BDBABC6A1B5FD1DA00158459 /* Release */ = {
			isa = XCBuildConfiguration;
			buildSettings = {
				CODE_SIGN_IDENTITY = "iPhone Developer";
				"CODE_SIGN_IDENTITY[sdk=watchos*]" = "iPhone Developer";
				INFOPLIST_FILE = "DayTrackerWatch Extension/Info.plist";
				LD_RUNPATH_SEARCH_PATHS = "$(inherited) @executable_path/Frameworks @executable_path/../../Frameworks";
				PRODUCT_BUNDLE_IDENTIFIER = company.DayTracker.watchkitapp.watchkitextension;
				PRODUCT_NAME = "${TARGET_NAME}";
				PROVISIONING_PROFILE = "";
				SDKROOT = watchos;
				SKIP_INSTALL = YES;
				TARGETED_DEVICE_FAMILY = 4;
				WATCHOS_DEPLOYMENT_TARGET = 2.0;
			};
			name = Release;
		};
		BDBABC6D1B5FD1DA00158459 /* Debug */ = {
			isa = XCBuildConfiguration;
			buildSettings = {
				ASSETCATALOG_COMPILER_APPICON_NAME = AppIcon;
				CLANG_ENABLE_MODULES = YES;
				EMBEDDED_CONTENT_CONTAINS_SWIFT = YES;
				IBSC_MODULE = DayTrackerWatch_Extension;
				INFOPLIST_FILE = DayTrackerWatch/Info.plist;
				LD_RUNPATH_SEARCH_PATHS = "$(inherited) @executable_path/../Frameworks @loader_path/../Frameworks";
				PRODUCT_BUNDLE_IDENTIFIER = company.DayTracker.watchkitapp;
				PRODUCT_NAME = "$(TARGET_NAME)";
				SDKROOT = watchos;
				SKIP_INSTALL = YES;
				SWIFT_OBJC_BRIDGING_HEADER = "DayTracker/DayTrackerWatch-Bridging-Header.h";
				SWIFT_OPTIMIZATION_LEVEL = "-Onone";
				TARGETED_DEVICE_FAMILY = 4;
				WATCHOS_DEPLOYMENT_TARGET = 2.0;
			};
			name = Debug;
		};
		BDBABC6E1B5FD1DA00158459 /* Release */ = {
			isa = XCBuildConfiguration;
			buildSettings = {
				ASSETCATALOG_COMPILER_APPICON_NAME = AppIcon;
				CLANG_ENABLE_MODULES = YES;
				EMBEDDED_CONTENT_CONTAINS_SWIFT = YES;
				IBSC_MODULE = DayTrackerWatch_Extension;
				INFOPLIST_FILE = DayTrackerWatch/Info.plist;
				LD_RUNPATH_SEARCH_PATHS = "$(inherited) @executable_path/../Frameworks @loader_path/../Frameworks";
				PRODUCT_BUNDLE_IDENTIFIER = company.DayTracker.watchkitapp;
				PRODUCT_NAME = "$(TARGET_NAME)";
				SDKROOT = watchos;
				SKIP_INSTALL = YES;
				SWIFT_OBJC_BRIDGING_HEADER = "DayTracker/DayTrackerWatch-Bridging-Header.h";
				TARGETED_DEVICE_FAMILY = 4;
				WATCHOS_DEPLOYMENT_TARGET = 2.0;
			};
			name = Release;
		};
/* End XCBuildConfiguration section */

/* Begin XCConfigurationList section */
		BDBABC2D1B5FD19C00158459 /* Build configuration list for PBXProject "DayTracker" */ = {
			isa = XCConfigurationList;
			buildConfigurations = (
				BDBABC421B5FD19D00158459 /* Debug */,
				BDBABC431B5FD19D00158459 /* Release */,
			);
			defaultConfigurationIsVisible = 0;
			defaultConfigurationName = Release;
		};
		BDBABC441B5FD19D00158459 /* Build configuration list for PBXNativeTarget "DayTracker" */ = {
			isa = XCConfigurationList;
			buildConfigurations = (
				BDBABC451B5FD19D00158459 /* Debug */,
				BDBABC461B5FD19D00158459 /* Release */,
			);
			defaultConfigurationIsVisible = 0;
			defaultConfigurationName = Release;
		};
		BDBABC681B5FD1DA00158459 /* Build configuration list for PBXNativeTarget "DayTrackerWatch Extension" */ = {
			isa = XCConfigurationList;
			buildConfigurations = (
				BDBABC691B5FD1DA00158459 /* Debug */,
				BDBABC6A1B5FD1DA00158459 /* Release */,
			);
			defaultConfigurationIsVisible = 0;
			defaultConfigurationName = Release;
		};
		BDBABC6C1B5FD1DA00158459 /* Build configuration list for PBXNativeTarget "DayTrackerWatch" */ = {
			isa = XCConfigurationList;
			buildConfigurations = (
				BDBABC6D1B5FD1DA00158459 /* Debug */,
				BDBABC6E1B5FD1DA00158459 /* Release */,
			);
			defaultConfigurationIsVisible = 0;
			defaultConfigurationName = Release;
		};
/* End XCConfigurationList section */
	};
	rootObject = BDBABC2A1B5FD19C00158459 /* Project object */;
}
